
Microsoft Visual Studio Solution File, Format Version 12.00
# Visual Studio Version 16
VisualStudioVersion = 16.0.28803.452
MinimumVisualStudioVersion = 10.0.40219.1
Project("{2150E333-8FDC-42A3-9474-1A3956D46DE8}") = "Shell", "Shell", "{4E67E80A-B2FE-48EA-88B2-BE823D0CB502}"
EndProject
Project("{2150E333-8FDC-42A3-9474-1A3956D46DE8}") = "Modules", "Modules", "{1D372581-6D75-46C5-8AEF-885CD647D46E}"
EndProject
Project("{2150E333-8FDC-42A3-9474-1A3956D46DE8}") = "Framework", "Framework", "{8B8D6058-9AC3-4E3A-B84E-28FFE467A071}"
EndProject
Project("{2150E333-8FDC-42A3-9474-1A3956D46DE8}") = "DataAccess", "DataAccess", "{42099F64-FBC5-4327-9D5E-039B80E4D527}"
EndProject
Project("{FAE04EC0-301F-11D3-BF4B-00C04F79EFBC}") = "ParkingLotManagement.Shell", "ParkingLotManagement.Shell\ParkingLotManagement.Shell.csproj", "{2DA46809-E3E2-4A02-A054-05E40E6ED37F}"
EndProject
Project("{FAE04EC0-301F-11D3-BF4B-00C04F79EFBC}") = "Account", "Account\Account.csproj", "{C4628D37-45EE-4847-8A01-079D16D18673}"
EndProject
Project("{FAE04EC0-301F-11D3-BF4B-00C04F79EFBC}") = "Login", "Login\Login.csproj", "{681275F1-2206-45A0-965D-96EED21F10C5}"
EndProject
Project("{FAE04EC0-301F-11D3-BF4B-00C04F79EFBC}") = "Parking", "Parking\Parking.csproj", "{3DD99AE7-55E4-4C9D-B27D-F4526F1DBB4E}"
EndProject
Project("{FAE04EC0-301F-11D3-BF4B-00C04F79EFBC}") = "Rate", "Rate\Rate.csproj", "{DFD8EE50-E69E-4B19-B2D2-A343BCB682A9}"
EndProject
Project("{FAE04EC0-301F-11D3-BF4B-00C04F79EFBC}") = "Slot", "Slot\Slot.csproj", "{22CE44B0-479F-4E44-A95E-43B42C09EEA3}"
EndProject
Project("{FAE04EC0-301F-11D3-BF4B-00C04F79EFBC}") = "User", "User\User.csproj", "{30CB5C8A-1B40-41D6-BC5E-FAD8F7764F80}"
EndProject
Project("{FAE04EC0-301F-11D3-BF4B-00C04F79EFBC}") = "Infrastructure", "Infrastructure\Infrastructure.csproj", "{C65BB5B9-B28D-4B42-861E-D04D4E625553}"
EndProject
Project("{FAE04EC0-301F-11D3-BF4B-00C04F79EFBC}") = "DataAccess", "DataAccess\DataAccess.csproj", "{F2B4954E-B06C-4F9E-88D3-7EBD202ADD67}"
EndProject
Project("{FAE04EC0-301F-11D3-BF4B-00C04F79EFBC}") = "Search", "Search\Search.csproj", "{41E9BA91-4EF2-4C23-983B-1E5CF601D2D2}"
EndProject
Project("{FAE04EC0-301F-11D3-BF4B-00C04F79EFBC}") = "Dashboard", "Dashboard\Dashboard.csproj", "{87890298-54B8-4601-888A-6125150FE9DA}"
EndProject
Project("{FAE04EC0-301F-11D3-BF4B-00C04F79EFBC}") = "CustomerReport", "CustomerReport\CustomerReport.csproj", "{DEEE3468-FF60-4A58-A5FA-DDD5A51AF911}"
EndProject
Global
	GlobalSection(SolutionConfigurationPlatforms) = preSolution
		Debug|Any CPU = Debug|Any CPU
		Release|Any CPU = Release|Any CPU
	EndGlobalSection
	GlobalSection(ProjectConfigurationPlatforms) = postSolution
		{2DA46809-E3E2-4A02-A054-05E40E6ED37F}.Debug|Any CPU.ActiveCfg = Debug|Any CPU
		{2DA46809-E3E2-4A02-A054-05E40E6ED37F}.Debug|Any CPU.Build.0 = Debug|Any CPU
		{2DA46809-E3E2-4A02-A054-05E40E6ED37F}.Release|Any CPU.ActiveCfg = Release|Any CPU
		{2DA46809-E3E2-4A02-A054-05E40E6ED37F}.Release|Any CPU.Build.0 = Release|Any CPU
		{C4628D37-45EE-4847-8A01-079D16D18673}.Debug|Any CPU.ActiveCfg = Debug|Any CPU
		{C4628D37-45EE-4847-8A01-079D16D18673}.Debug|Any CPU.Build.0 = Debug|Any CPU
		{C4628D37-45EE-4847-8A01-079D16D18673}.Release|Any CPU.ActiveCfg = Release|Any CPU
		{C4628D37-45EE-4847-8A01-079D16D18673}.Release|Any CPU.Build.0 = Release|Any CPU
		{681275F1-2206-45A0-965D-96EED21F10C5}.Debug|Any CPU.ActiveCfg = Debug|Any CPU
		{681275F1-2206-45A0-965D-96EED21F10C5}.Debug|Any CPU.Build.0 = Debug|Any CPU
		{681275F1-2206-45A0-965D-96EED21F10C5}.Release|Any CPU.ActiveCfg = Release|Any CPU
		{681275F1-2206-45A0-965D-96EED21F10C5}.Release|Any CPU.Build.0 = Release|Any CPU
		{3DD99AE7-55E4-4C9D-B27D-F4526F1DBB4E}.Debug|Any CPU.ActiveCfg = Debug|Any CPU
		{3DD99AE7-55E4-4C9D-B27D-F4526F1DBB4E}.Debug|Any CPU.Build.0 = Debug|Any CPU
		{3DD99AE7-55E4-4C9D-B27D-F4526F1DBB4E}.Release|Any CPU.ActiveCfg = Release|Any CPU
		{3DD99AE7-55E4-4C9D-B27D-F4526F1DBB4E}.Release|Any CPU.Build.0 = Release|Any CPU
		{DFD8EE50-E69E-4B19-B2D2-A343BCB682A9}.Debug|Any CPU.ActiveCfg = Debug|Any CPU
		{DFD8EE50-E69E-4B19-B2D2-A343BCB682A9}.Debug|Any CPU.Build.0 = Debug|Any CPU
		{DFD8EE50-E69E-4B19-B2D2-A343BCB682A9}.Release|Any CPU.ActiveCfg = Release|Any CPU
		{DFD8EE50-E69E-4B19-B2D2-A343BCB682A9}.Release|Any CPU.Build.0 = Release|Any CPU
		{22CE44B0-479F-4E44-A95E-43B42C09EEA3}.Debug|Any CPU.ActiveCfg = Debug|Any CPU
		{22CE44B0-479F-4E44-A95E-43B42C09EEA3}.Debug|Any CPU.Build.0 = Debug|Any CPU
		{22CE44B0-479F-4E44-A95E-43B42C09EEA3}.Release|Any CPU.ActiveCfg = Release|Any CPU
		{22CE44B0-479F-4E44-A95E-43B42C09EEA3}.Release|Any CPU.Build.0 = Release|Any CPU
		{30CB5C8A-1B40-41D6-BC5E-FAD8F7764F80}.Debug|Any CPU.ActiveCfg = Debug|Any CPU
		{30CB5C8A-1B40-41D6-BC5E-FAD8F7764F80}.Debug|Any CPU.Build.0 = Debug|Any CPU
		{30CB5C8A-1B40-41D6-BC5E-FAD8F7764F80}.Release|Any CPU.ActiveCfg = Release|Any CPU
		{30CB5C8A-1B40-41D6-BC5E-FAD8F7764F80}.Release|Any CPU.Build.0 = Release|Any CPU
		{C65BB5B9-B28D-4B42-861E-D04D4E625553}.Debug|Any CPU.ActiveCfg = Debug|Any CPU
		{C65BB5B9-B28D-4B42-861E-D04D4E625553}.Debug|Any CPU.Build.0 = Debug|Any CPU
		{C65BB5B9-B28D-4B42-861E-D04D4E625553}.Release|Any CPU.ActiveCfg = Release|Any CPU
		{C65BB5B9-B28D-4B42-861E-D04D4E625553}.Release|Any CPU.Build.0 = Release|Any CPU
		{F2B4954E-B06C-4F9E-88D3-7EBD202ADD67}.Debug|Any CPU.ActiveCfg = Debug|Any CPU
		{F2B4954E-B06C-4F9E-88D3-7EBD202ADD67}.Debug|Any CPU.Build.0 = Debug|Any CPU
		{F2B4954E-B06C-4F9E-88D3-7EBD202ADD67}.Release|Any CPU.ActiveCfg = Release|Any CPU
		{F2B4954E-B06C-4F9E-88D3-7EBD202ADD67}.Release|Any CPU.Build.0 = Release|Any CPU
		{41E9BA91-4EF2-4C23-983B-1E5CF601D2D2}.Debug|Any CPU.ActiveCfg = Debug|Any CPU
		{41E9BA91-4EF2-4C23-983B-1E5CF601D2D2}.Debug|Any CPU.Build.0 = Debug|Any CPU
		{41E9BA91-4EF2-4C23-983B-1E5CF601D2D2}.Release|Any CPU.ActiveCfg = Release|Any CPU
		{41E9BA91-4EF2-4C23-983B-1E5CF601D2D2}.Release|Any CPU.Build.0 = Release|Any CPU
		{87890298-54B8-4601-888A-6125150FE9DA}.Debug|Any CPU.ActiveCfg = Debug|Any CPU
		{87890298-54B8-4601-888A-6125150FE9DA}.Debug|Any CPU.Build.0 = Debug|Any CPU
		{87890298-54B8-4601-888A-6125150FE9DA}.Release|Any CPU.ActiveCfg = Release|Any CPU
		{87890298-54B8-4601-888A-6125150FE9DA}.Release|Any CPU.Build.0 = Release|Any CPU
		{DEEE3468-FF60-4A58-A5FA-DDD5A51AF911}.Debug|Any CPU.ActiveCfg = Debug|Any CPU
		{DEEE3468-FF60-4A58-A5FA-DDD5A51AF911}.Debug|Any CPU.Build.0 = Debug|Any CPU
		{DEEE3468-FF60-4A58-A5FA-DDD5A51AF911}.Release|Any CPU.ActiveCfg = Release|Any CPU
		{DEEE3468-FF60-4A58-A5FA-DDD5A51AF911}.Release|Any CPU.Build.0 = Release|Any CPU
	EndGlobalSection
	GlobalSection(SolutionProperties) = preSolution
		HideSolutionNode = FALSE
	EndGlobalSection
	GlobalSection(NestedProjects) = preSolution
		{2DA46809-E3E2-4A02-A054-05E40E6ED37F} = {4E67E80A-B2FE-48EA-88B2-BE823D0CB502}
		{C4628D37-45EE-4847-8A01-079D16D18673} = {1D372581-6D75-46C5-8AEF-885CD647D46E}
		{681275F1-2206-45A0-965D-96EED21F10C5} = {1D372581-6D75-46C5-8AEF-885CD647D46E}
		{3DD99AE7-55E4-4C9D-B27D-F4526F1DBB4E} = {1D372581-6D75-46C5-8AEF-885CD647D46E}
		{DFD8EE50-E69E-4B19-B2D2-A343BCB682A9} = {1D372581-6D75-46C5-8AEF-885CD647D46E}
		{22CE44B0-479F-4E44-A95E-43B42C09EEA3} = {1D372581-6D75-46C5-8AEF-885CD647D46E}
		{30CB5C8A-1B40-41D6-BC5E-FAD8F7764F80} = {1D372581-6D75-46C5-8AEF-885CD647D46E}
		{C65BB5B9-B28D-4B42-861E-D04D4E625553} = {8B8D6058-9AC3-4E3A-B84E-28FFE467A071}
		{F2B4954E-B06C-4F9E-88D3-7EBD202ADD67} = {42099F64-FBC5-4327-9D5E-039B80E4D527}
		{41E9BA91-4EF2-4C23-983B-1E5CF601D2D2} = {1D372581-6D75-46C5-8AEF-885CD647D46E}
		{87890298-54B8-4601-888A-6125150FE9DA} = {1D372581-6D75-46C5-8AEF-885CD647D46E}
		{DEEE3468-FF60-4A58-A5FA-DDD5A51AF911} = {1D372581-6D75-46C5-8AEF-885CD647D46E}
	EndGlobalSection
	GlobalSection(ExtensibilityGlobals) = postSolution
		SolutionGuid = {BFF5A135-6AD1-45F1-8867-246F51275DC2}
	EndGlobalSection
EndGlobal
